<?xml version="1.0" encoding="utf-8"?>
<Project ToolsVersion="4.0" xmlns="http://schemas.microsoft.com/developer/msbuild/2003">
  <ItemGroup>
    <ClCompile Include="main.cpp" />
    <ClCompile Include="..\Codes\MainFrame.cpp">
      <Filter>MainFrame</Filter>
    </ClCompile>
    <ClCompile Include="..\Codes\Assets.cpp">
      <Filter>Assets</Filter>
    </ClCompile>
    <ClCompile Include="..\Codes\Hierarchy.cpp">
      <Filter>Hierarchy</Filter>
    </ClCompile>
    <ClCompile Include="..\Codes\Inspector.cpp">
      <Filter>Inspector</Filter>
    </ClCompile>
    <ClCompile Include="..\Codes\MainCamera.cpp">
      <Filter>Camera</Filter>
    </ClCompile>
  </ItemGroup>
  <ItemGroup>
    <Filter Include="MainFrame">
      <UniqueIdentifier>{69389577-12ff-4dcf-911f-6c86eb64827e}</UniqueIdentifier>
    </Filter>
    <Filter Include="Inspector">
      <UniqueIdentifier>{7a1c5524-fb64-4536-9342-4e04f3fe0b0b}</UniqueIdentifier>
    </Filter>
    <Filter Include="Assets">
      <UniqueIdentifier>{b18c6d20-a498-499d-bde3-17d1da163aae}</UniqueIdentifier>
    </Filter>
    <Filter Include="Hierarchy">
      <UniqueIdentifier>{d239117c-4204-42e8-96c5-b82182e7e9a0}</UniqueIdentifier>
    </Filter>
    <Filter Include="Camera">
      <UniqueIdentifier>{352f5ea6-88a9-46a8-ac34-d758aed5ad0f}</UniqueIdentifier>
    </Filter>
  </ItemGroup>
  <ItemGroup>
    <ClInclude Include="..\Headers\MainFrame.h">
      <Filter>MainFrame</Filter>
    </ClInclude>
    <ClInclude Include="..\Headers\Assets.h">
      <Filter>Assets</Filter>
    </ClInclude>
    <ClInclude Include="..\Headers\Hierarchy.h">
      <Filter>Hierarchy</Filter>
    </ClInclude>
    <ClInclude Include="..\Headers\Inspector.h">
      <Filter>Inspector</Filter>
    </ClInclude>
    <ClInclude Include="..\Headers\MainCamera.h">
      <Filter>Camera</Filter>
    </ClInclude>
  </ItemGroup>
</Project>